// !$*UTF8*$!
{
	archiveVersion = 1;
	classes = {
	};
	objectVersion = 50;
	objects = {

/* Begin PBXBuildFile section */
		C8CB3857271A2F390006FE93 /* main.swift in Sources */ = {isa = PBXBuildFile; fileRef = C8CB3856271A2F390006FE93 /* main.swift */; };
		C8CB3863271A4D450006FE93 /* Davey Callander.swift in Sources */ = {isa = PBXBuildFile; fileRef = C8CB3862271A4D440006FE93 /* Davey Callander.swift */; };
		C8CB3866271A63D50006FE93 /* Jake Adler.swift in Sources */ = {isa = PBXBuildFile; fileRef = C8CB3865271A63D50006FE93 /* Jake Adler.swift */; };
		C8CB3869271A6E480006FE93 /* Billy.swift in Sources */ = {isa = PBXBuildFile; fileRef = C8CB3868271A6E480006FE93 /* Billy.swift */; };
/* End PBXBuildFile section */

/* Begin PBXCopyFilesBuildPhase section */
		C8CB3851271A2F390006FE93 /* CopyFiles */ = {
			isa = PBXCopyFilesBuildPhase;
			buildActionMask = 2147483647;
			dstPath = /usr/share/man/man1/;
			dstSubfolderSpec = 0;
			files = (
			);
			runOnlyForDeploymentPostprocessing = 1;
		};
/* End PBXCopyFilesBuildPhase section */

/* Begin PBXFileReference section */
		C8CB3853271A2F390006FE93 /* American Values */ = {isa = PBXFileReference; explicitFileType = "compiled.mach-o.executable"; includeInIndex = 0; path = "American Values"; sourceTree = BUILT_PRODUCTS_DIR; };
		C8CB3856271A2F390006FE93 /* main.swift */ = {isa = PBXFileReference; lastKnownFileType = sourcecode.swift; path = main.swift; sourceTree = "<group>"; };
		C8CB385E271A354C0006FE93 /* Sources */ = {isa = PBXFileReference; fileEncoding = 4; lastKnownFileType = text; name = Sources; path = "console-kit/Sources"; sourceTree = SOURCE_ROOT; };
		C8CB3860271A3CD50006FE93 /* Sony-SVD1321Z9E-VAIO-Hackintosh-OpenCore */ = {isa = PBXFileReference; fileEncoding = 4; lastKnownFileType = text; path = "Sony-SVD1321Z9E-VAIO-Hackintosh-OpenCore"; sourceTree = SOURCE_ROOT; };
		C8CB3862271A4D440006FE93 /* Davey Callander.swift */ = {isa = PBXFileReference; lastKnownFileType = sourcecode.swift; path = "Davey Callander.swift"; sourceTree = "<group>"; };
		C8CB3865271A63D50006FE93 /* Jake Adler.swift */ = {isa = PBXFileReference; lastKnownFileType = sourcecode.swift; path = "Jake Adler.swift"; sourceTree = "<group>"; };
		C8CB3868271A6E480006FE93 /* Billy.swift */ = {isa = PBXFileReference; lastKnownFileType = sourcecode.swift; path = Billy.swift; sourceTree = "<group>"; };
/* End PBXFileReference section */

/* Begin PBXFrameworksBuildPhase section */
		C8CB3850271A2F390006FE93 /* Frameworks */ = {
			isa = PBXFrameworksBuildPhase;
			buildActionMask = 2147483647;
			files = (
			);
			runOnlyForDeploymentPostprocessing = 0;
		};
/* End PBXFrameworksBuildPhase section */

/* Begin PBXGroup section */
		C8CB384A271A2F390006FE93 = {
			isa = PBXGroup;
			children = (
				C8CB3855271A2F390006FE93 /* American Values */,
				C8CB3854271A2F390006FE93 /* Products */,
			);
			sourceTree = "<group>";
		};
		C8CB3854271A2F390006FE93 /* Products */ = {
			isa = PBXGroup;
			children = (
				C8CB3853271A2F390006FE93 /* American Values */,
			);
			name = Products;
			sourceTree = "<group>";
		};
		C8CB3855271A2F390006FE93 /* American Values */ = {
			isa = PBXGroup;
			children = (
				C8CB3856271A2F390006FE93 /* main.swift */,
				C8CB3868271A6E480006FE93 /* Billy.swift */,
				C8CB3862271A4D440006FE93 /* Davey Callander.swift */,
				C8CB3865271A63D50006FE93 /* Jake Adler.swift */,
				C8CB3860271A3CD50006FE93 /* Sony-SVD1321Z9E-VAIO-Hackintosh-OpenCore */,
				C8CB385E271A354C0006FE93 /* Sources */,
			);
			path = "American Values";
			sourceTree = "<group>";
		};
/* End PBXGroup section */

/* Begin PBXNativeTarget section */
		C8CB3852271A2F390006FE93 /* American Values */ = {
			isa = PBXNativeTarget;
			buildConfigurationList = C8CB385A271A2F390006FE93 /* Build configuration list for PBXNativeTarget "American Values" */;
			buildPhases = (
				C8CB384F271A2F390006FE93 /* Sources */,
				C8CB3850271A2F390006FE93 /* Frameworks */,
				C8CB3851271A2F390006FE93 /* CopyFiles */,
			);
			buildRules = (
			);
			dependencies = (
			);
			name = "American Values";
			productName = "American Values";
			productReference = C8CB3853271A2F390006FE93 /* American Values */;
			productType = "com.apple.product-type.tool";
		};
/* End PBXNativeTarget section */

/* Begin PBXProject section */
		C8CB384B271A2F390006FE93 /* Project object */ = {
			isa = PBXProject;
			attributes = {
				LastSwiftUpdateCheck = 1240;
				LastUpgradeCheck = 1240;
				TargetAttributes = {
					C8CB3852271A2F390006FE93 = {
						CreatedOnToolsVersion = 12.4;
					};
				};
			};
			buildConfigurationList = C8CB384E271A2F390006FE93 /* Build configuration list for PBXProject "American Values" */;
			compatibilityVersion = "Xcode 9.3";
			developmentRegion = en;
			hasScannedForEncodings = 0;
			knownRegions = (
				en,
				Base,
			);
			mainGroup = C8CB384A271A2F390006FE93;
			productRefGroup = C8CB3854271A2F390006FE93 /* Products */;
			projectDirPath = "";
			projectRoot = "";
			targets = (
				C8CB3852271A2F390006FE93 /* American Values */,
			);
		};
/* End PBXProject section */

/* Begin PBXSourcesBuildPhase section */
		C8CB384F271A2F390006FE93 /* Sources */ = {
			isa = PBXSourcesBuildPhase;
			buildActionMask = 2147483647;
			files = (
				C8CB3866271A63D50006FE93 /* Jake Adler.swift in Sources */,
				C8CB3857271A2F390006FE93 /* main.swift in Sources */,
				C8CB3869271A6E480006FE93 /* Billy.swift in Sources */,
				C8CB3863271A4D450006FE93 /* Davey Callander.swift in Sources */,
			);
			runOnlyForDeploymentPostprocessing = 0;
		};
/* End PBXSourcesBuildPhase section */

/* Begin XCBuildConfiguration section */
		C8CB3858271A2F390006FE93 /* Debug */ = {
			isa = XCBuildConfiguration;
			buildSettings = {
				ALWAYS_SEARCH_USER_PATHS = NO;
				CLANG_ANALYZER_NONNULL = YES;
				CLANG_ANALYZER_NUMBER_OBJECT_CONVERSION = YES_AGGRESSIVE;
				CLANG_CXX_LANGUAGE_STANDARD = "gnu++14";
				CLANG_CXX_LIBRARY = "libc++";
				CLANG_ENABLE_MODULES = YES;
				CLANG_ENABLE_OBJC_ARC = YES;
				CLANG_ENABLE_OBJC_WEAK = YES;
				CLANG_WARN_BLOCK_CAPTURE_AUTORELEASING = YES;
				CLANG_WARN_BOOL_CONVERSION = YES;
				CLANG_WARN_COMMA = YES;
				CLANG_WARN_CONSTANT_CONVERSION = YES;
				CLANG_WARN_DEPRECATED_OBJC_IMPLEMENTATIONS = YES;
				CLANG_WARN_DIRECT_OBJC_ISA_USAGE = YES_ERROR;
				CLANG_WARN_DOCUMENTATION_COMMENTS = YES;
				CLANG_WARN_EMPTY_BODY = YES;
				CLANG_WARN_ENUM_CONVERSION = YES;
				CLANG_WARN_INFINITE_RECURSION = YES;
				CLANG_WARN_INT_CONVERSION = YES;
				CLANG_WARN_NON_LITERAL_NULL_CONVERSION = YES;
				CLANG_WARN_OBJC_IMPLICIT_RETAIN_SELF = YES;
				CLANG_WARN_OBJC_LITERAL_CONVERSION = YES;
				CLANG_WARN_OBJC_ROOT_CLASS = YES_ERROR;
				CLANG_WARN_QUOTED_INCLUDE_IN_FRAMEWORK_HEADER = YES;
				CLANG_WARN_RANGE_LOOP_ANALYSIS = YES;
				CLANG_WARN_STRICT_PROTOTYPES = YES;
				CLANG_WARN_SUSPICIOUS_MOVE = YES;
				CLANG_WARN_UNGUARDED_AVAILABILITY = YES_AGGRESSIVE;
				CLANG_WARN_UNREACHABLE_CODE = YES;
				CLANG_WARN__DUPLICATE_METHOD_MATCH = YES;
				COPY_PHASE_STRIP = NO;
				DEBUG_INFORMATION_FORMAT = dwarf;
				ENABLE_STRICT_OBJC_MSGSEND = YES;
				ENABLE_TESTABILITY = YES;
				GCC_C_LANGUAGE_STANDARD = gnu11;
				GCC_DYNAMIC_NO_PIC = NO;
				GCC_NO_COMMON_BLOCKS = YES;
				GCC_OPTIMIZATION_LEVEL = 0;
				GCC_PREPROCESSOR_DEFINITIONS = (
					"DEBUG=1",
					"$(inherited)",
				);
				GCC_WARN_64_TO_32_BIT_CONVERSION = YES;
				GCC_WARN_ABOUT_RETURN_TYPE = YES_ERROR;
				GCC_WARN_UNDECLARED_SELECTOR = YES;
				GCC_WARN_UNINITIALIZED_AUTOS = YES_AGGRESSIVE;
				GCC_WARN_UNUSED_FUNCTION = YES;
				GCC_WARN_UNUSED_VARIABLE = YES;
				MACOSX_DEPLOYMENT_TARGET = 10.15;
				MTL_ENABLE_DEBUG_INFO = INCLUDE_SOURCE;
				MTL_FAST_MATH = YES;
				ONLY_ACTIVE_ARCH = YES;
				SDKROOT = macosx;
				SWIFT_ACTIVE_COMPILATION_CONDITIONS = DEBUG;
				SWIFT_OPTIMIZATION_LEVEL = "-Onone";
			};
			name = Debug;
		};
		C8CB3859271A2F390006FE93 /* Release */ = {
			isa = XCBuildConfiguration;
			buildSettings = {
				ALWAYS_SEARCH_USER_PATHS = NO;
				CLANG_ANALYZER_NONNULL = YES;
				CLANG_ANALYZER_NUMBER_OBJECT_CONVERSION = YES_AGGRESSIVE;
				CLANG_CXX_LANGUAGE_STANDARD = "gnu++14";
				CLANG_CXX_LIBRARY = "libc++";
				CLANG_ENABLE_MODULES = YES;
				CLANG_ENABLE_OBJC_ARC = YES;
				CLANG_ENABLE_OBJC_WEAK = YES;
				CLANG_WARN_BLOCK_CAPTURE_AUTORELEASING = YES;
				CLANG_WARN_BOOL_CONVERSION = YES;
				CLANG_WARN_COMMA = YES;
				CLANG_WARN_CONSTANT_CONVERSION = YES;
				CLANG_WARN_DEPRECATED_OBJC_IMPLEMENTATIONS = YES;
				CLANG_WARN_DIRECT_OBJC_ISA_USAGE = YES_ERROR;
				CLANG_WARN_DOCUMENTATION_COMMENTS = YES;
				CLANG_WARN_EMPTY_BODY = YES;
				CLANG_WARN_ENUM_CONVERSION = YES;
				CLANG_WARN_INFINITE_RECURSION = YES;
				CLANG_WARN_INT_CONVERSION = YES;
				CLANG_WARN_NON_LITERAL_NULL_CONVERSION = YES;
				CLANG_WARN_OBJC_IMPLICIT_RETAIN_SELF = YES;
				CLANG_WARN_OBJC_LITERAL_CONVERSION = YES;
				CLANG_WARN_OBJC_ROOT_CLASS = YES_ERROR;
				CLANG_WARN_QUOTED_INCLUDE_IN_FRAMEWORK_HEADER = YES;
				CLANG_WARN_RANGE_LOOP_ANALYSIS = YES;
				CLANG_WARN_STRICT_PROTOTYPES = YES;
				CLANG_WARN_SUSPICIOUS_MOVE = YES;
				CLANG_WARN_UNGUARDED_AVAILABILITY = YES_AGGRESSIVE;
				CLANG_WARN_UNREACHABLE_CODE = YES;
				CLANG_WARN__DUPLICATE_METHOD_MATCH = YES;
				COPY_PHASE_STRIP = NO;
				DEBUG_INFORMATION_FORMAT = "dwarf-with-dsym";
				ENABLE_NS_ASSERTIONS = NO;
				ENABLE_STRICT_OBJC_MSGSEND = YES;
				GCC_C_LANGUAGE_STANDARD = gnu11;
				GCC_NO_COMMON_BLOCKS = YES;
				GCC_WARN_64_TO_32_BIT_CONVERSION = YES;
				GCC_WARN_ABOUT_RETURN_TYPE = YES_ERROR;
				GCC_WARN_UNDECLARED_SELECTOR = YES;
				GCC_WARN_UNINITIALIZED_AUTOS = YES_AGGRESSIVE;
				GCC_WARN_UNUSED_FUNCTION = YES;
				GCC_WARN_UNUSED_VARIABLE = YES;
				MACOSX_DEPLOYMENT_TARGET = 10.15;
				MTL_ENABLE_DEBUG_INFO = NO;
				MTL_FAST_MATH = YES;
				SDKROOT = macosx;
				SWIFT_COMPILATION_MODE = wholemodule;
				SWIFT_OPTIMIZATION_LEVEL = "-O";
			};
			name = Release;
		};
		C8CB385B271A2F390006FE93 /* Debug */ = {
			isa = XCBuildConfiguration;
			buildSettings = {
				CODE_SIGN_STYLE = Automatic;
				PRODUCT_NAME = "$(TARGET_NAME)";
				SWIFT_VERSION = 5.0;
			};
			name = Debug;
		};
		C8CB385C271A2F390006FE93 /* Release */ = {
			isa = XCBuildConfiguration;
			buildSettings = {
				CODE_SIGN_STYLE = Automatic;
				PRODUCT_NAME = "$(TARGET_NAME)";
				SWIFT_VERSION = 5.0;
			};
			name = Release;
		};
/* End XCBuildConfiguration section */

/* Begin XCConfigurationList section */
		C8CB384E271A2F390006FE93 /* Build configuration list for PBXProject "American Values" */ = {
			isa = XCConfigurationList;
			buildConfigurations = (
				C8CB3858271A2F390006FE93 /* Debug */,
				C8CB3859271A2F390006FE93 /* Release */,
			);
			defaultConfigurationIsVisible = 0;
			defaultConfigurationName = Release;
		};
		C8CB385A271A2F390006FE93 /* Build configuration list for PBXNativeTarget "American Values" */ = {
			isa = XCConfigurationList;
			buildConfigurations = (
				C8CB385B271A2F390006FE93 /* Debug */,
				C8CB385C271A2F390006FE93 /* Release */,
			);
			defaultConfigurationIsVisible = 0;
			defaultConfigurationName = Release;
		};
/* End XCConfigurationList section */
	};
	rootObject = C8CB384B271A2F390006FE93 /* Project object */;
}
